
Microsoft Visual Studio Solution File, Format Version 12.00
# Visual Studio Version 17
VisualStudioVersion = 17.8.34330.188
MinimumVisualStudioVersion = 10.0.40219.1
Project("{9A19103F-16F7-4668-BE54-9A1E7A4F7556}") = "Resultant", "Resultant\Resultant.csproj", "{12AE43BE-7A18-4E4E-883D-3EC08F75630E}"
EndProject
Project("{FAE04EC0-301F-11D3-BF4B-00C04F79EFBC}") = "Resultant.Tests", "Resultant.Tests\Resultant.Tests.csproj", "{3E1FD45A-3D23-4FB0-9F93-DF22033CAE39}"
EndProject
Global
	GlobalSection(SolutionConfigurationPlatforms) = preSolution
		Debug|Any CPU = Debug|Any CPU
		Release|Any CPU = Release|Any CPU
	EndGlobalSection
	GlobalSection(ProjectConfigurationPlatforms) = postSolution
		{12AE43BE-7A18-4E4E-883D-3EC08F75630E}.Debug|Any CPU.ActiveCfg = Debug|Any CPU
		{12AE43BE-7A18-4E4E-883D-3EC08F75630E}.Debug|Any CPU.Build.0 = Debug|Any CPU
		{12AE43BE-7A18-4E4E-883D-3EC08F75630E}.Release|Any CPU.ActiveCfg = Release|Any CPU
		{12AE43BE-7A18-4E4E-883D-3EC08F75630E}.Release|Any CPU.Build.0 = Release|Any CPU
		{3E1FD45A-3D23-4FB0-9F93-DF22033CAE39}.Debug|Any CPU.ActiveCfg = Debug|Any CPU
		{3E1FD45A-3D23-4FB0-9F93-DF22033CAE39}.Debug|Any CPU.Build.0 = Debug|Any CPU
		{3E1FD45A-3D23-4FB0-9F93-DF22033CAE39}.Release|Any CPU.ActiveCfg = Release|Any CPU
		{3E1FD45A-3D23-4FB0-9F93-DF22033CAE39}.Release|Any CPU.Build.0 = Release|Any CPU
	EndGlobalSection
	GlobalSection(SolutionProperties) = preSolution
		HideSolutionNode = FALSE
	EndGlobalSection
	GlobalSection(ExtensibilityGlobals) = postSolution
		SolutionGuid = {6BE0C704-FD3B-4400-83D2-34F76EF04CBD}
	EndGlobalSection
EndGlobal
